// !$*UTF8*$!
{
	archiveVersion = 1;
	classes = {
	};
	objectVersion = 50;
	objects = {

/* Begin PBXBuildFile section */
		E62345CF21061DEB009B3D80 /* AppDelegate.swift in Sources */ = {isa = PBXBuildFile; fileRef = E62345CE21061DEB009B3D80 /* AppDelegate.swift */; };
		E62345D421061DEB009B3D80 /* Main.storyboard in Resources */ = {isa = PBXBuildFile; fileRef = E62345D221061DEB009B3D80 /* Main.storyboard */; };
		E62345D621061DEC009B3D80 /* Assets.xcassets in Resources */ = {isa = PBXBuildFile; fileRef = E62345D521061DEC009B3D80 /* Assets.xcassets */; };
		E62345D921061DEC009B3D80 /* LaunchScreen.storyboard in Resources */ = {isa = PBXBuildFile; fileRef = E62345D721061DEC009B3D80 /* LaunchScreen.storyboard */; };
		E62345E221061E9D009B3D80 /* libsqlite3.tbd in Frameworks */ = {isa = PBXBuildFile; fileRef = E62345E121061E9D009B3D80 /* libsqlite3.tbd */; };
		E62345E421061EA6009B3D80 /* libz.tbd in Frameworks */ = {isa = PBXBuildFile; fileRef = E62345E321061EA6009B3D80 /* libz.tbd */; };
		E62345E621061EB0009B3D80 /* AudioToolbox.framework in Frameworks */ = {isa = PBXBuildFile; fileRef = E62345E521061EB0009B3D80 /* AudioToolbox.framework */; };
		E62345E821061EBB009B3D80 /* CFNetwork.framework in Frameworks */ = {isa = PBXBuildFile; fileRef = E62345E721061EBB009B3D80 /* CFNetwork.framework */; };
		E62345EA21061EC0009B3D80 /* CoreGraphics.framework in Frameworks */ = {isa = PBXBuildFile; fileRef = E62345E921061EC0009B3D80 /* CoreGraphics.framework */; };
		E62345EC21061EC5009B3D80 /* CoreLocation.framework in Frameworks */ = {isa = PBXBuildFile; fileRef = E62345EB21061EC5009B3D80 /* CoreLocation.framework */; };
		E62345EE21061ECD009B3D80 /* QuartzCore.framework in Frameworks */ = {isa = PBXBuildFile; fileRef = E62345ED21061ECD009B3D80 /* QuartzCore.framework */; };
		E62345F021061ED7009B3D80 /* Security.framework in Frameworks */ = {isa = PBXBuildFile; fileRef = E62345EF21061ED7009B3D80 /* Security.framework */; };
		E62345F221061EDE009B3D80 /* StoreKit.framework in Frameworks */ = {isa = PBXBuildFile; fileRef = E62345F121061EDE009B3D80 /* StoreKit.framework */; };
		E62345F421061EE2009B3D80 /* SystemConfiguration.framework in Frameworks */ = {isa = PBXBuildFile; fileRef = E62345F321061EE2009B3D80 /* SystemConfiguration.framework */; };
		E62345F721061FD1009B3D80 /* Bolts.framework in Frameworks */ = {isa = PBXBuildFile; fileRef = E62345F521061FD0009B3D80 /* Bolts.framework */; };
		E62345F821061FD1009B3D80 /* Parse.framework in Frameworks */ = {isa = PBXBuildFile; fileRef = E62345F621061FD1009B3D80 /* Parse.framework */; };
		E66C12132109C95C000CE45E /* EditProfileViewController.swift in Sources */ = {isa = PBXBuildFile; fileRef = E66C12122109C95C000CE45E /* EditProfileViewController.swift */; };
		E66C1215210A274B000CE45E /* UploadViewController.swift in Sources */ = {isa = PBXBuildFile; fileRef = E66C1214210A274B000CE45E /* UploadViewController.swift */; };
		E67D20742108A105000DF34A /* FollowersViewController.swift in Sources */ = {isa = PBXBuildFile; fileRef = E67D20732108A105000DF34A /* FollowersViewController.swift */; };
		E67D20762108A136000DF34A /* FollowerCell.swift in Sources */ = {isa = PBXBuildFile; fileRef = E67D20752108A136000DF34A /* FollowerCell.swift */; };
		E67D20782108D033000DF34A /* GuestViewController.swift in Sources */ = {isa = PBXBuildFile; fileRef = E67D20772108D033000DF34A /* GuestViewController.swift */; };
		E6A0AB212106462000C9625F /* SignInViewController.swift in Sources */ = {isa = PBXBuildFile; fileRef = E6A0AB202106462000C9625F /* SignInViewController.swift */; };
		E6A0AB232106464000C9625F /* SignUpViewController.swift in Sources */ = {isa = PBXBuildFile; fileRef = E6A0AB222106464000C9625F /* SignUpViewController.swift */; };
		E6A0AB252106465C00C9625F /* ResetPWViewController.swift in Sources */ = {isa = PBXBuildFile; fileRef = E6A0AB242106465C00C9625F /* ResetPWViewController.swift */; };
		E6B402EF2107998800B4D656 /* HomeScreenViewController.swift in Sources */ = {isa = PBXBuildFile; fileRef = E6B402EE2107998800B4D656 /* HomeScreenViewController.swift */; };
		E6B402F1210799AC00B4D656 /* HeaderView.swift in Sources */ = {isa = PBXBuildFile; fileRef = E6B402F0210799AC00B4D656 /* HeaderView.swift */; };
		E6B402F321079BAE00B4D656 /* CollectionViewCell.swift in Sources */ = {isa = PBXBuildFile; fileRef = E6B402F221079BAE00B4D656 /* CollectionViewCell.swift */; };
/* End PBXBuildFile section */

/* Begin PBXFileReference section */
		E62345CB21061DEB009B3D80 /* SimplePic.app */ = {isa = PBXFileReference; explicitFileType = wrapper.application; includeInIndex = 0; path = SimplePic.app; sourceTree = BUILT_PRODUCTS_DIR; };
		E62345CE21061DEB009B3D80 /* AppDelegate.swift */ = {isa = PBXFileReference; lastKnownFileType = sourcecode.swift; path = AppDelegate.swift; sourceTree = "<group>"; };
		E62345D321061DEB009B3D80 /* Base */ = {isa = PBXFileReference; lastKnownFileType = file.storyboard; name = Base; path = Base.lproj/Main.storyboard; sourceTree = "<group>"; };
		E62345D521061DEC009B3D80 /* Assets.xcassets */ = {isa = PBXFileReference; lastKnownFileType = folder.assetcatalog; path = Assets.xcassets; sourceTree = "<group>"; };
		E62345D821061DEC009B3D80 /* Base */ = {isa = PBXFileReference; lastKnownFileType = file.storyboard; name = Base; path = Base.lproj/LaunchScreen.storyboard; sourceTree = "<group>"; };
		E62345DA21061DEC009B3D80 /* Info.plist */ = {isa = PBXFileReference; lastKnownFileType = text.plist.xml; path = Info.plist; sourceTree = "<group>"; };
		E62345E121061E9D009B3D80 /* libsqlite3.tbd */ = {isa = PBXFileReference; lastKnownFileType = "sourcecode.text-based-dylib-definition"; name = libsqlite3.tbd; path = usr/lib/libsqlite3.tbd; sourceTree = SDKROOT; };
		E62345E321061EA6009B3D80 /* libz.tbd */ = {isa = PBXFileReference; lastKnownFileType = "sourcecode.text-based-dylib-definition"; name = libz.tbd; path = usr/lib/libz.tbd; sourceTree = SDKROOT; };
		E62345E521061EB0009B3D80 /* AudioToolbox.framework */ = {isa = PBXFileReference; lastKnownFileType = wrapper.framework; name = AudioToolbox.framework; path = System/Library/Frameworks/AudioToolbox.framework; sourceTree = SDKROOT; };
		E62345E721061EBB009B3D80 /* CFNetwork.framework */ = {isa = PBXFileReference; lastKnownFileType = wrapper.framework; name = CFNetwork.framework; path = System/Library/Frameworks/CFNetwork.framework; sourceTree = SDKROOT; };
		E62345E921061EC0009B3D80 /* CoreGraphics.framework */ = {isa = PBXFileReference; lastKnownFileType = wrapper.framework; name = CoreGraphics.framework; path = System/Library/Frameworks/CoreGraphics.framework; sourceTree = SDKROOT; };
		E62345EB21061EC5009B3D80 /* CoreLocation.framework */ = {isa = PBXFileReference; lastKnownFileType = wrapper.framework; name = CoreLocation.framework; path = System/Library/Frameworks/CoreLocation.framework; sourceTree = SDKROOT; };
		E62345ED21061ECD009B3D80 /* QuartzCore.framework */ = {isa = PBXFileReference; lastKnownFileType = wrapper.framework; name = QuartzCore.framework; path = System/Library/Frameworks/QuartzCore.framework; sourceTree = SDKROOT; };
		E62345EF21061ED7009B3D80 /* Security.framework */ = {isa = PBXFileReference; lastKnownFileType = wrapper.framework; name = Security.framework; path = System/Library/Frameworks/Security.framework; sourceTree = SDKROOT; };
		E62345F121061EDE009B3D80 /* StoreKit.framework */ = {isa = PBXFileReference; lastKnownFileType = wrapper.framework; name = StoreKit.framework; path = System/Library/Frameworks/StoreKit.framework; sourceTree = SDKROOT; };
		E62345F321061EE2009B3D80 /* SystemConfiguration.framework */ = {isa = PBXFileReference; lastKnownFileType = wrapper.framework; name = SystemConfiguration.framework; path = System/Library/Frameworks/SystemConfiguration.framework; sourceTree = SDKROOT; };
		E62345F521061FD0009B3D80 /* Bolts.framework */ = {isa = PBXFileReference; lastKnownFileType = wrapper.framework; path = Bolts.framework; sourceTree = "<group>"; };
		E62345F621061FD1009B3D80 /* Parse.framework */ = {isa = PBXFileReference; lastKnownFileType = wrapper.framework; path = Parse.framework; sourceTree = "<group>"; };
		E66C12122109C95C000CE45E /* EditProfileViewController.swift */ = {isa = PBXFileReference; lastKnownFileType = sourcecode.swift; path = EditProfileViewController.swift; sourceTree = "<group>"; };
		E66C1214210A274B000CE45E /* UploadViewController.swift */ = {isa = PBXFileReference; lastKnownFileType = sourcecode.swift; path = UploadViewController.swift; sourceTree = "<group>"; };
		E67D20732108A105000DF34A /* FollowersViewController.swift */ = {isa = PBXFileReference; lastKnownFileType = sourcecode.swift; path = FollowersViewController.swift; sourceTree = "<group>"; };
		E67D20752108A136000DF34A /* FollowerCell.swift */ = {isa = PBXFileReference; lastKnownFileType = sourcecode.swift; path = FollowerCell.swift; sourceTree = "<group>"; };
		E67D20772108D033000DF34A /* GuestViewController.swift */ = {isa = PBXFileReference; lastKnownFileType = sourcecode.swift; path = GuestViewController.swift; sourceTree = "<group>"; };
		E6A0AB202106462000C9625F /* SignInViewController.swift */ = {isa = PBXFileReference; lastKnownFileType = sourcecode.swift; path = SignInViewController.swift; sourceTree = "<group>"; };
		E6A0AB222106464000C9625F /* SignUpViewController.swift */ = {isa = PBXFileReference; lastKnownFileType = sourcecode.swift; path = SignUpViewController.swift; sourceTree = "<group>"; };
		E6A0AB242106465C00C9625F /* ResetPWViewController.swift */ = {isa = PBXFileReference; lastKnownFileType = sourcecode.swift; path = ResetPWViewController.swift; sourceTree = "<group>"; };
		E6B402EE2107998800B4D656 /* HomeScreenViewController.swift */ = {isa = PBXFileReference; lastKnownFileType = sourcecode.swift; path = HomeScreenViewController.swift; sourceTree = "<group>"; };
		E6B402F0210799AC00B4D656 /* HeaderView.swift */ = {isa = PBXFileReference; lastKnownFileType = sourcecode.swift; path = HeaderView.swift; sourceTree = "<group>"; };
		E6B402F221079BAE00B4D656 /* CollectionViewCell.swift */ = {isa = PBXFileReference; lastKnownFileType = sourcecode.swift; path = CollectionViewCell.swift; sourceTree = "<group>"; };
/* End PBXFileReference section */

/* Begin PBXFrameworksBuildPhase section */
		E62345C821061DEB009B3D80 /* Frameworks */ = {
			isa = PBXFrameworksBuildPhase;
			buildActionMask = 2147483647;
			files = (
				E62345F421061EE2009B3D80 /* SystemConfiguration.framework in Frameworks */,
				E62345F221061EDE009B3D80 /* StoreKit.framework in Frameworks */,
				E62345F021061ED7009B3D80 /* Security.framework in Frameworks */,
				E62345EE21061ECD009B3D80 /* QuartzCore.framework in Frameworks */,
				E62345EC21061EC5009B3D80 /* CoreLocation.framework in Frameworks */,
				E62345EA21061EC0009B3D80 /* CoreGraphics.framework in Frameworks */,
				E62345E821061EBB009B3D80 /* CFNetwork.framework in Frameworks */,
				E62345E621061EB0009B3D80 /* AudioToolbox.framework in Frameworks */,
				E62345F721061FD1009B3D80 /* Bolts.framework in Frameworks */,
				E62345E421061EA6009B3D80 /* libz.tbd in Frameworks */,
				E62345F821061FD1009B3D80 /* Parse.framework in Frameworks */,
				E62345E221061E9D009B3D80 /* libsqlite3.tbd in Frameworks */,
			);
			runOnlyForDeploymentPostprocessing = 0;
		};
/* End PBXFrameworksBuildPhase section */

/* Begin PBXGroup section */
		E62345C221061DEB009B3D80 = {
			isa = PBXGroup;
			children = (
				E62345CD21061DEB009B3D80 /* SimplePic */,
				E62345CC21061DEB009B3D80 /* Products */,
				E62345E021061E9D009B3D80 /* Frameworks */,
			);
			sourceTree = "<group>";
		};
		E62345CC21061DEB009B3D80 /* Products */ = {
			isa = PBXGroup;
			children = (
				E62345CB21061DEB009B3D80 /* SimplePic.app */,
			);
			name = Products;
			sourceTree = "<group>";
		};
		E62345CD21061DEB009B3D80 /* SimplePic */ = {
			isa = PBXGroup;
			children = (
				E62345CE21061DEB009B3D80 /* AppDelegate.swift */,
				E62345D221061DEB009B3D80 /* Main.storyboard */,
				E62345D521061DEC009B3D80 /* Assets.xcassets */,
				E62345D721061DEC009B3D80 /* LaunchScreen.storyboard */,
				E62345DA21061DEC009B3D80 /* Info.plist */,
				E6A0AB202106462000C9625F /* SignInViewController.swift */,
				E6A0AB222106464000C9625F /* SignUpViewController.swift */,
				E6A0AB242106465C00C9625F /* ResetPWViewController.swift */,
				E6B402EE2107998800B4D656 /* HomeScreenViewController.swift */,
				E6B402F0210799AC00B4D656 /* HeaderView.swift */,
				E6B402F221079BAE00B4D656 /* CollectionViewCell.swift */,
				E67D20732108A105000DF34A /* FollowersViewController.swift */,
				E67D20752108A136000DF34A /* FollowerCell.swift */,
				E67D20772108D033000DF34A /* GuestViewController.swift */,
				E66C12122109C95C000CE45E /* EditProfileViewController.swift */,
				E66C1214210A274B000CE45E /* UploadViewController.swift */,
			);
			path = SimplePic;
			sourceTree = "<group>";
		};
		E62345E021061E9D009B3D80 /* Frameworks */ = {
			isa = PBXGroup;
			children = (
				E62345F521061FD0009B3D80 /* Bolts.framework */,
				E62345F621061FD1009B3D80 /* Parse.framework */,
				E62345F321061EE2009B3D80 /* SystemConfiguration.framework */,
				E62345F121061EDE009B3D80 /* StoreKit.framework */,
				E62345EF21061ED7009B3D80 /* Security.framework */,
				E62345ED21061ECD009B3D80 /* QuartzCore.framework */,
				E62345EB21061EC5009B3D80 /* CoreLocation.framework */,
				E62345E921061EC0009B3D80 /* CoreGraphics.framework */,
				E62345E721061EBB009B3D80 /* CFNetwork.framework */,
				E62345E521061EB0009B3D80 /* AudioToolbox.framework */,
				E62345E321061EA6009B3D80 /* libz.tbd */,
				E62345E121061E9D009B3D80 /* libsqlite3.tbd */,
			);
			name = Frameworks;
			sourceTree = "<group>";
		};
/* End PBXGroup section */

/* Begin PBXNativeTarget section */
		E62345CA21061DEB009B3D80 /* SimplePic */ = {
			isa = PBXNativeTarget;
			buildConfigurationList = E62345DD21061DEC009B3D80 /* Build configuration list for PBXNativeTarget "SimplePic" */;
			buildPhases = (
				E62345C721061DEB009B3D80 /* Sources */,
				E62345C821061DEB009B3D80 /* Frameworks */,
				E62345C921061DEB009B3D80 /* Resources */,
			);
			buildRules = (
			);
			dependencies = (
			);
			name = SimplePic;
			productName = SimplePic;
			productReference = E62345CB21061DEB009B3D80 /* SimplePic.app */;
			productType = "com.apple.product-type.application";
		};
/* End PBXNativeTarget section */

/* Begin PBXProject section */
		E62345C321061DEB009B3D80 /* Project object */ = {
			isa = PBXProject;
			attributes = {
				LastSwiftUpdateCheck = 0940;
				LastUpgradeCheck = 0940;
				ORGANIZATIONNAME = "Alex Busol";
				TargetAttributes = {
					E62345CA21061DEB009B3D80 = {
						CreatedOnToolsVersion = 9.4.1;
					};
				};
			};
			buildConfigurationList = E62345C621061DEB009B3D80 /* Build configuration list for PBXProject "SimplePic" */;
			compatibilityVersion = "Xcode 9.3";
			developmentRegion = en;
			hasScannedForEncodings = 0;
			knownRegions = (
				en,
				Base,
			);
			mainGroup = E62345C221061DEB009B3D80;
			productRefGroup = E62345CC21061DEB009B3D80 /* Products */;
			projectDirPath = "";
			projectRoot = "";
			targets = (
				E62345CA21061DEB009B3D80 /* SimplePic */,
			);
		};
/* End PBXProject section */

/* Begin PBXResourcesBuildPhase section */
		E62345C921061DEB009B3D80 /* Resources */ = {
			isa = PBXResourcesBuildPhase;
			buildActionMask = 2147483647;
			files = (
				E62345D921061DEC009B3D80 /* LaunchScreen.storyboard in Resources */,
				E62345D621061DEC009B3D80 /* Assets.xcassets in Resources */,
				E62345D421061DEB009B3D80 /* Main.storyboard in Resources */,
			);
			runOnlyForDeploymentPostprocessing = 0;
		};
/* End PBXResourcesBuildPhase section */

/* Begin PBXSourcesBuildPhase section */
		E62345C721061DEB009B3D80 /* Sources */ = {
			isa = PBXSourcesBuildPhase;
			buildActionMask = 2147483647;
			files = (
				E66C12132109C95C000CE45E /* EditProfileViewController.swift in Sources */,
				E66C1215210A274B000CE45E /* UploadViewController.swift in Sources */,
				E6A0AB232106464000C9625F /* SignUpViewController.swift in Sources */,
				E6A0AB212106462000C9625F /* SignInViewController.swift in Sources */,
				E67D20762108A136000DF34A /* FollowerCell.swift in Sources */,
				E62345CF21061DEB009B3D80 /* AppDelegate.swift in Sources */,
				E6B402F321079BAE00B4D656 /* CollectionViewCell.swift in Sources */,
				E67D20782108D033000DF34A /* GuestViewController.swift in Sources */,
				E67D20742108A105000DF34A /* FollowersViewController.swift in Sources */,
				E6A0AB252106465C00C9625F /* ResetPWViewController.swift in Sources */,
				E6B402EF2107998800B4D656 /* HomeScreenViewController.swift in Sources */,
				E6B402F1210799AC00B4D656 /* HeaderView.swift in Sources */,
			);
			runOnlyForDeploymentPostprocessing = 0;
		};
/* End PBXSourcesBuildPhase section */

/* Begin PBXVariantGroup section */
		E62345D221061DEB009B3D80 /* Main.storyboard */ = {
			isa = PBXVariantGroup;
			children = (
				E62345D321061DEB009B3D80 /* Base */,
			);
			name = Main.storyboard;
			sourceTree = "<group>";
		};
		E62345D721061DEC009B3D80 /* LaunchScreen.storyboard */ = {
			isa = PBXVariantGroup;
			children = (
				E62345D821061DEC009B3D80 /* Base */,
			);
			name = LaunchScreen.storyboard;
			sourceTree = "<group>";
		};
/* End PBXVariantGroup section */

/* Begin XCBuildConfiguration section */
		E62345DB21061DEC009B3D80 /* Debug */ = {
			isa = XCBuildConfiguration;
			buildSettings = {
				ALWAYS_SEARCH_USER_PATHS = NO;
				CLANG_ANALYZER_NONNULL = YES;
				CLANG_ANALYZER_NUMBER_OBJECT_CONVERSION = YES_AGGRESSIVE;
				CLANG_CXX_LANGUAGE_STANDARD = "gnu++14";
				CLANG_CXX_LIBRARY = "libc++";
				CLANG_ENABLE_MODULES = YES;
				CLANG_ENABLE_OBJC_ARC = YES;
				CLANG_ENABLE_OBJC_WEAK = YES;
				CLANG_WARN_BLOCK_CAPTURE_AUTORELEASING = YES;
				CLANG_WARN_BOOL_CONVERSION = YES;
				CLANG_WARN_COMMA = YES;
				CLANG_WARN_CONSTANT_CONVERSION = YES;
				CLANG_WARN_DEPRECATED_OBJC_IMPLEMENTATIONS = YES;
				CLANG_WARN_DIRECT_OBJC_ISA_USAGE = YES_ERROR;
				CLANG_WARN_DOCUMENTATION_COMMENTS = YES;
				CLANG_WARN_EMPTY_BODY = YES;
				CLANG_WARN_ENUM_CONVERSION = YES;
				CLANG_WARN_INFINITE_RECURSION = YES;
				CLANG_WARN_INT_CONVERSION = YES;
				CLANG_WARN_NON_LITERAL_NULL_CONVERSION = YES;
				CLANG_WARN_OBJC_IMPLICIT_RETAIN_SELF = YES;
				CLANG_WARN_OBJC_LITERAL_CONVERSION = YES;
				CLANG_WARN_OBJC_ROOT_CLASS = YES_ERROR;
				CLANG_WARN_RANGE_LOOP_ANALYSIS = YES;
				CLANG_WARN_STRICT_PROTOTYPES = YES;
				CLANG_WARN_SUSPICIOUS_MOVE = YES;
				CLANG_WARN_UNGUARDED_AVAILABILITY = YES_AGGRESSIVE;
				CLANG_WARN_UNREACHABLE_CODE = YES;
				CLANG_WARN__DUPLICATE_METHOD_MATCH = YES;
				CODE_SIGN_IDENTITY = "iPhone Developer";
				COPY_PHASE_STRIP = NO;
				DEBUG_INFORMATION_FORMAT = dwarf;
				ENABLE_STRICT_OBJC_MSGSEND = YES;
				ENABLE_TESTABILITY = YES;
				GCC_C_LANGUAGE_STANDARD = gnu11;
				GCC_DYNAMIC_NO_PIC = NO;
				GCC_NO_COMMON_BLOCKS = YES;
				GCC_OPTIMIZATION_LEVEL = 0;
				GCC_PREPROCESSOR_DEFINITIONS = (
					"DEBUG=1",
					"$(inherited)",
				);
				GCC_WARN_64_TO_32_BIT_CONVERSION = YES;
				GCC_WARN_ABOUT_RETURN_TYPE = YES_ERROR;
				GCC_WARN_UNDECLARED_SELECTOR = YES;
				GCC_WARN_UNINITIALIZED_AUTOS = YES_AGGRESSIVE;
				GCC_WARN_UNUSED_FUNCTION = YES;
				GCC_WARN_UNUSED_VARIABLE = YES;
				IPHONEOS_DEPLOYMENT_TARGET = 11.4;
				MTL_ENABLE_DEBUG_INFO = YES;
				ONLY_ACTIVE_ARCH = YES;
				SDKROOT = iphoneos;
				SWIFT_ACTIVE_COMPILATION_CONDITIONS = DEBUG;
				SWIFT_OPTIMIZATION_LEVEL = "-Onone";
			};
			name = Debug;
		};
		E62345DC21061DEC009B3D80 /* Release */ = {
			isa = XCBuildConfiguration;
			buildSettings = {
				ALWAYS_SEARCH_USER_PATHS = NO;
				CLANG_ANALYZER_NONNULL = YES;
				CLANG_ANALYZER_NUMBER_OBJECT_CONVERSION = YES_AGGRESSIVE;
				CLANG_CXX_LANGUAGE_STANDARD = "gnu++14";
				CLANG_CXX_LIBRARY = "libc++";
				CLANG_ENABLE_MODULES = YES;
				CLANG_ENABLE_OBJC_ARC = YES;
				CLANG_ENABLE_OBJC_WEAK = YES;
				CLANG_WARN_BLOCK_CAPTURE_AUTORELEASING = YES;
				CLANG_WARN_BOOL_CONVERSION = YES;
				CLANG_WARN_COMMA = YES;
				CLANG_WARN_CONSTANT_CONVERSION = YES;
				CLANG_WARN_DEPRECATED_OBJC_IMPLEMENTATIONS = YES;
				CLANG_WARN_DIRECT_OBJC_ISA_USAGE = YES_ERROR;
				CLANG_WARN_DOCUMENTATION_COMMENTS = YES;
				CLANG_WARN_EMPTY_BODY = YES;
				CLANG_WARN_ENUM_CONVERSION = YES;
				CLANG_WARN_INFINITE_RECURSION = YES;
				CLANG_WARN_INT_CONVERSION = YES;
				CLANG_WARN_NON_LITERAL_NULL_CONVERSION = YES;
				CLANG_WARN_OBJC_IMPLICIT_RETAIN_SELF = YES;
				CLANG_WARN_OBJC_LITERAL_CONVERSION = YES;
				CLANG_WARN_OBJC_ROOT_CLASS = YES_ERROR;
				CLANG_WARN_RANGE_LOOP_ANALYSIS = YES;
				CLANG_WARN_STRICT_PROTOTYPES = YES;
				CLANG_WARN_SUSPICIOUS_MOVE = YES;
				CLANG_WARN_UNGUARDED_AVAILABILITY = YES_AGGRESSIVE;
				CLANG_WARN_UNREACHABLE_CODE = YES;
				CLANG_WARN__DUPLICATE_METHOD_MATCH = YES;
				CODE_SIGN_IDENTITY = "iPhone Developer";
				COPY_PHASE_STRIP = NO;
				DEBUG_INFORMATION_FORMAT = "dwarf-with-dsym";
				ENABLE_NS_ASSERTIONS = NO;
				ENABLE_STRICT_OBJC_MSGSEND = YES;
				GCC_C_LANGUAGE_STANDARD = gnu11;
				GCC_NO_COMMON_BLOCKS = YES;
				GCC_WARN_64_TO_32_BIT_CONVERSION = YES;
				GCC_WARN_ABOUT_RETURN_TYPE = YES_ERROR;
				GCC_WARN_UNDECLARED_SELECTOR = YES;
				GCC_WARN_UNINITIALIZED_AUTOS = YES_AGGRESSIVE;
				GCC_WARN_UNUSED_FUNCTION = YES;
				GCC_WARN_UNUSED_VARIABLE = YES;
				IPHONEOS_DEPLOYMENT_TARGET = 11.4;
				MTL_ENABLE_DEBUG_INFO = NO;
				SDKROOT = iphoneos;
				SWIFT_COMPILATION_MODE = wholemodule;
				SWIFT_OPTIMIZATION_LEVEL = "-O";
				VALIDATE_PRODUCT = YES;
			};
			name = Release;
		};
		E62345DE21061DEC009B3D80 /* Debug */ = {
			isa = XCBuildConfiguration;
			buildSettings = {
				ASSETCATALOG_COMPILER_APPICON_NAME = AppIcon;
				CODE_SIGN_STYLE = Automatic;
				DEVELOPMENT_TEAM = JK2WXRB899;
				FRAMEWORK_SEARCH_PATHS = (
					"$(inherited)",
					"$(PROJECT_DIR)",
				);
				INFOPLIST_FILE = SimplePic/Info.plist;
				LD_RUNPATH_SEARCH_PATHS = (
					"$(inherited)",
					"@executable_path/Frameworks",
				);
				PRODUCT_BUNDLE_IDENTIFIER = alexbusol.SimplePic;
				PRODUCT_NAME = "$(TARGET_NAME)";
				SWIFT_VERSION = 4.0;
				TARGETED_DEVICE_FAMILY = "1,2";
			};
			name = Debug;
		};
		E62345DF21061DEC009B3D80 /* Release */ = {
			isa = XCBuildConfiguration;
			buildSettings = {
				ASSETCATALOG_COMPILER_APPICON_NAME = AppIcon;
				CODE_SIGN_STYLE = Automatic;
				DEVELOPMENT_TEAM = JK2WXRB899;
				FRAMEWORK_SEARCH_PATHS = (
					"$(inherited)",
					"$(PROJECT_DIR)",
				);
				INFOPLIST_FILE = SimplePic/Info.plist;
				LD_RUNPATH_SEARCH_PATHS = (
					"$(inherited)",
					"@executable_path/Frameworks",
				);
				PRODUCT_BUNDLE_IDENTIFIER = alexbusol.SimplePic;
				PRODUCT_NAME = "$(TARGET_NAME)";
				SWIFT_VERSION = 4.0;
				TARGETED_DEVICE_FAMILY = "1,2";
			};
			name = Release;
		};
/* End XCBuildConfiguration section */

/* Begin XCConfigurationList section */
		E62345C621061DEB009B3D80 /* Build configuration list for PBXProject "SimplePic" */ = {
			isa = XCConfigurationList;
			buildConfigurations = (
				E62345DB21061DEC009B3D80 /* Debug */,
				E62345DC21061DEC009B3D80 /* Release */,
			);
			defaultConfigurationIsVisible = 0;
			defaultConfigurationName = Release;
		};
		E62345DD21061DEC009B3D80 /* Build configuration list for PBXNativeTarget "SimplePic" */ = {
			isa = XCConfigurationList;
			buildConfigurations = (
				E62345DE21061DEC009B3D80 /* Debug */,
				E62345DF21061DEC009B3D80 /* Release */,
			);
			defaultConfigurationIsVisible = 0;
			defaultConfigurationName = Release;
		};
/* End XCConfigurationList section */
	};
	rootObject = E62345C321061DEB009B3D80 /* Project object */;
}
